// !$*UTF8*$!
{
	archiveVersion = 1;
	classes = {
	};
	objectVersion = 50;
	objects = {

/* Begin PBXBuildFile section */
		953DC55A229AF2230039C6BB /* AppDelegate.swift in Sources */ = {isa = PBXBuildFile; fileRef = 953DC559229AF2230039C6BB /* AppDelegate.swift */; };
		953DC55C229AF2230039C6BB /* StudentLogIn.swift in Sources */ = {isa = PBXBuildFile; fileRef = 953DC55B229AF2230039C6BB /* StudentLogIn.swift */; };
		953DC55F229AF2230039C6BB /* Main.storyboard in Resources */ = {isa = PBXBuildFile; fileRef = 953DC55D229AF2230039C6BB /* Main.storyboard */; };
		953DC561229AF22A0039C6BB /* Assets.xcassets in Resources */ = {isa = PBXBuildFile; fileRef = 953DC560229AF22A0039C6BB /* Assets.xcassets */; };
		953DC564229AF22A0039C6BB /* LaunchScreen.storyboard in Resources */ = {isa = PBXBuildFile; fileRef = 953DC562229AF22A0039C6BB /* LaunchScreen.storyboard */; };
		953DC56C229EB3890039C6BB /* ExtentionVC.swift in Sources */ = {isa = PBXBuildFile; fileRef = 953DC56B229EB3890039C6BB /* ExtentionVC.swift */; };
		956121C922BC251500756A10 /* StudentLocations.swift in Sources */ = {isa = PBXBuildFile; fileRef = 956121C822BC251500756A10 /* StudentLocations.swift */; };
		956121CB22C00DCF00756A10 /* MapViewController.swift in Sources */ = {isa = PBXBuildFile; fileRef = 956121CA22C00DCF00756A10 /* MapViewController.swift */; };
		956121D022C1326100756A10 /* Users.swift in Sources */ = {isa = PBXBuildFile; fileRef = 956121CF22C1326100756A10 /* Users.swift */; };
		956121D422C43B2C00756A10 /* AddLocationViewController.swift in Sources */ = {isa = PBXBuildFile; fileRef = 956121D322C43B2C00756A10 /* AddLocationViewController.swift */; };
		956121D622C440C500756A10 /* ConfirmNewLocationViewController.swift in Sources */ = {isa = PBXBuildFile; fileRef = 956121D522C440C500756A10 /* ConfirmNewLocationViewController.swift */; };
		956BFE7D22AD4A330023479D /* API.swift in Sources */ = {isa = PBXBuildFile; fileRef = 956BFE7C22AD4A330023479D /* API.swift */; };
		956BFE7F22AD57110023479D /* StudentInfo.swift in Sources */ = {isa = PBXBuildFile; fileRef = 956BFE7E22AD57110023479D /* StudentInfo.swift */; };
		95863BB922C70DF100313E32 /* TablelistViewController.swift in Sources */ = {isa = PBXBuildFile; fileRef = 95863BB822C70DF100313E32 /* TablelistViewController.swift */; };
/* End PBXBuildFile section */

/* Begin PBXFileReference section */
		953DC556229AF2230039C6BB /* OnTheMap.app */ = {isa = PBXFileReference; explicitFileType = wrapper.application; includeInIndex = 0; path = OnTheMap.app; sourceTree = BUILT_PRODUCTS_DIR; };
		953DC559229AF2230039C6BB /* AppDelegate.swift */ = {isa = PBXFileReference; lastKnownFileType = sourcecode.swift; path = AppDelegate.swift; sourceTree = "<group>"; };
		953DC55B229AF2230039C6BB /* StudentLogIn.swift */ = {isa = PBXFileReference; lastKnownFileType = sourcecode.swift; path = StudentLogIn.swift; sourceTree = "<group>"; };
		953DC55E229AF2230039C6BB /* Base */ = {isa = PBXFileReference; lastKnownFileType = file.storyboard; name = Base; path = Base.lproj/Main.storyboard; sourceTree = "<group>"; };
		953DC560229AF22A0039C6BB /* Assets.xcassets */ = {isa = PBXFileReference; lastKnownFileType = folder.assetcatalog; path = Assets.xcassets; sourceTree = "<group>"; };
		953DC563229AF22A0039C6BB /* Base */ = {isa = PBXFileReference; lastKnownFileType = file.storyboard; name = Base; path = Base.lproj/LaunchScreen.storyboard; sourceTree = "<group>"; };
		953DC565229AF22A0039C6BB /* Info.plist */ = {isa = PBXFileReference; lastKnownFileType = text.plist.xml; path = Info.plist; sourceTree = "<group>"; };
		953DC56B229EB3890039C6BB /* ExtentionVC.swift */ = {isa = PBXFileReference; lastKnownFileType = sourcecode.swift; path = ExtentionVC.swift; sourceTree = "<group>"; };
		956121C822BC251500756A10 /* StudentLocations.swift */ = {isa = PBXFileReference; lastKnownFileType = sourcecode.swift; path = StudentLocations.swift; sourceTree = "<group>"; };
		956121CA22C00DCF00756A10 /* MapViewController.swift */ = {isa = PBXFileReference; lastKnownFileType = sourcecode.swift; path = MapViewController.swift; sourceTree = "<group>"; };
		956121CF22C1326100756A10 /* Users.swift */ = {isa = PBXFileReference; lastKnownFileType = sourcecode.swift; path = Users.swift; sourceTree = "<group>"; };
		956121D322C43B2C00756A10 /* AddLocationViewController.swift */ = {isa = PBXFileReference; lastKnownFileType = sourcecode.swift; path = AddLocationViewController.swift; sourceTree = "<group>"; };
		956121D522C440C500756A10 /* ConfirmNewLocationViewController.swift */ = {isa = PBXFileReference; lastKnownFileType = sourcecode.swift; path = ConfirmNewLocationViewController.swift; sourceTree = "<group>"; };
		956BFE7C22AD4A330023479D /* API.swift */ = {isa = PBXFileReference; lastKnownFileType = sourcecode.swift; path = API.swift; sourceTree = "<group>"; };
		956BFE7E22AD57110023479D /* StudentInfo.swift */ = {isa = PBXFileReference; lastKnownFileType = sourcecode.swift; path = StudentInfo.swift; sourceTree = "<group>"; };
		95863BB822C70DF100313E32 /* TablelistViewController.swift */ = {isa = PBXFileReference; lastKnownFileType = sourcecode.swift; path = TablelistViewController.swift; sourceTree = "<group>"; };
/* End PBXFileReference section */

/* Begin PBXFrameworksBuildPhase section */
		953DC553229AF2230039C6BB /* Frameworks */ = {
			isa = PBXFrameworksBuildPhase;
			buildActionMask = 2147483647;
			files = (
			);
			runOnlyForDeploymentPostprocessing = 0;
		};
/* End PBXFrameworksBuildPhase section */

/* Begin PBXGroup section */
		953DC54D229AF2230039C6BB = {
			isa = PBXGroup;
			children = (
				953DC56E22A2A4710039C6BB /* Network */,
				953DC558229AF2230039C6BB /* OnTheMap */,
				953DC557229AF2230039C6BB /* Products */,
			);
			sourceTree = "<group>";
		};
		953DC557229AF2230039C6BB /* Products */ = {
			isa = PBXGroup;
			children = (
				953DC556229AF2230039C6BB /* OnTheMap.app */,
			);
			name = Products;
			sourceTree = "<group>";
		};
		953DC558229AF2230039C6BB /* OnTheMap */ = {
			isa = PBXGroup;
			children = (
				953DC559229AF2230039C6BB /* AppDelegate.swift */,
				953DC55B229AF2230039C6BB /* StudentLogIn.swift */,
				956121CA22C00DCF00756A10 /* MapViewController.swift */,
				95863BB822C70DF100313E32 /* TablelistViewController.swift */,
				956121D322C43B2C00756A10 /* AddLocationViewController.swift */,
				956121D522C440C500756A10 /* ConfirmNewLocationViewController.swift */,
				953DC55D229AF2230039C6BB /* Main.storyboard */,
				953DC560229AF22A0039C6BB /* Assets.xcassets */,
				953DC562229AF22A0039C6BB /* LaunchScreen.storyboard */,
				953DC565229AF22A0039C6BB /* Info.plist */,
				953DC56B229EB3890039C6BB /* ExtentionVC.swift */,
				956BFE7E22AD57110023479D /* StudentInfo.swift */,
				956121C822BC251500756A10 /* StudentLocations.swift */,
				956121CF22C1326100756A10 /* Users.swift */,
			);
			path = OnTheMap;
			sourceTree = "<group>";
		};
		953DC56E22A2A4710039C6BB /* Network */ = {
			isa = PBXGroup;
			children = (
				956BFE7C22AD4A330023479D /* API.swift */,
			);
			path = Network;
			sourceTree = "<group>";
		};
/* End PBXGroup section */

/* Begin PBXNativeTarget section */
		953DC555229AF2230039C6BB /* OnTheMap */ = {
			isa = PBXNativeTarget;
			buildConfigurationList = 953DC568229AF22A0039C6BB /* Build configuration list for PBXNativeTarget "OnTheMap" */;
			buildPhases = (
				953DC552229AF2230039C6BB /* Sources */,
				953DC553229AF2230039C6BB /* Frameworks */,
				953DC554229AF2230039C6BB /* Resources */,
			);
			buildRules = (
			);
			dependencies = (
			);
			name = OnTheMap;
			productName = OnTheMap;
			productReference = 953DC556229AF2230039C6BB /* OnTheMap.app */;
			productType = "com.apple.product-type.application";
		};
/* End PBXNativeTarget section */

/* Begin PBXProject section */
		953DC54E229AF2230039C6BB /* Project object */ = {
			isa = PBXProject;
			attributes = {
				LastSwiftUpdateCheck = 1010;
				LastUpgradeCheck = 1010;
				ORGANIZATIONNAME = Udacity;
				TargetAttributes = {
					953DC555229AF2230039C6BB = {
						CreatedOnToolsVersion = 10.1;
					};
				};
			};
			buildConfigurationList = 953DC551229AF2230039C6BB /* Build configuration list for PBXProject "OnTheMap" */;
			compatibilityVersion = "Xcode 9.3";
			developmentRegion = en;
			hasScannedForEncodings = 0;
			knownRegions = (
				en,
				Base,
			);
			mainGroup = 953DC54D229AF2230039C6BB;
			productRefGroup = 953DC557229AF2230039C6BB /* Products */;
			projectDirPath = "";
			projectRoot = "";
			targets = (
				953DC555229AF2230039C6BB /* OnTheMap */,
			);
		};
/* End PBXProject section */

/* Begin PBXResourcesBuildPhase section */
		953DC554229AF2230039C6BB /* Resources */ = {
			isa = PBXResourcesBuildPhase;
			buildActionMask = 2147483647;
			files = (
				953DC564229AF22A0039C6BB /* LaunchScreen.storyboard in Resources */,
				953DC561229AF22A0039C6BB /* Assets.xcassets in Resources */,
				953DC55F229AF2230039C6BB /* Main.storyboard in Resources */,
			);
			runOnlyForDeploymentPostprocessing = 0;
		};
/* End PBXResourcesBuildPhase section */

/* Begin PBXSourcesBuildPhase section */
		953DC552229AF2230039C6BB /* Sources */ = {
			isa = PBXSourcesBuildPhase;
			buildActionMask = 2147483647;
			files = (
				956121D022C1326100756A10 /* Users.swift in Sources */,
				953DC55C229AF2230039C6BB /* StudentLogIn.swift in Sources */,
				953DC56C229EB3890039C6BB /* ExtentionVC.swift in Sources */,
				95863BB922C70DF100313E32 /* TablelistViewController.swift in Sources */,
				956121C922BC251500756A10 /* StudentLocations.swift in Sources */,
				956121D422C43B2C00756A10 /* AddLocationViewController.swift in Sources */,
				956121D622C440C500756A10 /* ConfirmNewLocationViewController.swift in Sources */,
				956BFE7D22AD4A330023479D /* API.swift in Sources */,
				956BFE7F22AD57110023479D /* StudentInfo.swift in Sources */,
				953DC55A229AF2230039C6BB /* AppDelegate.swift in Sources */,
				956121CB22C00DCF00756A10 /* MapViewController.swift in Sources */,
			);
			runOnlyForDeploymentPostprocessing = 0;
		};
/* End PBXSourcesBuildPhase section */

/* Begin PBXVariantGroup section */
		953DC55D229AF2230039C6BB /* Main.storyboard */ = {
			isa = PBXVariantGroup;
			children = (
				953DC55E229AF2230039C6BB /* Base */,
			);
			name = Main.storyboard;
			sourceTree = "<group>";
		};
		953DC562229AF22A0039C6BB /* LaunchScreen.storyboard */ = {
			isa = PBXVariantGroup;
			children = (
				953DC563229AF22A0039C6BB /* Base */,
			);
			name = LaunchScreen.storyboard;
			sourceTree = "<group>";
		};
/* End PBXVariantGroup section */

/* Begin XCBuildConfiguration section */
		953DC566229AF22A0039C6BB /* Debug */ = {
			isa = XCBuildConfiguration;
			buildSettings = {
				ALWAYS_SEARCH_USER_PATHS = NO;
				CLANG_ANALYZER_NONNULL = YES;
				CLANG_ANALYZER_NUMBER_OBJECT_CONVERSION = YES_AGGRESSIVE;
				CLANG_CXX_LANGUAGE_STANDARD = "gnu++14";
				CLANG_CXX_LIBRARY = "libc++";
				CLANG_ENABLE_MODULES = YES;
				CLANG_ENABLE_OBJC_ARC = YES;
				CLANG_ENABLE_OBJC_WEAK = YES;
				CLANG_WARN_BLOCK_CAPTURE_AUTORELEASING = YES;
				CLANG_WARN_BOOL_CONVERSION = YES;
				CLANG_WARN_COMMA = YES;
				CLANG_WARN_CONSTANT_CONVERSION = YES;
				CLANG_WARN_DEPRECATED_OBJC_IMPLEMENTATIONS = YES;
				CLANG_WARN_DIRECT_OBJC_ISA_USAGE = YES_ERROR;
				CLANG_WARN_DOCUMENTATION_COMMENTS = YES;
				CLANG_WARN_EMPTY_BODY = YES;
				CLANG_WARN_ENUM_CONVERSION = YES;
				CLANG_WARN_INFINITE_RECURSION = YES;
				CLANG_WARN_INT_CONVERSION = YES;
				CLANG_WARN_NON_LITERAL_NULL_CONVERSION = YES;
				CLANG_WARN_OBJC_IMPLICIT_RETAIN_SELF = YES;
				CLANG_WARN_OBJC_LITERAL_CONVERSION = YES;
				CLANG_WARN_OBJC_ROOT_CLASS = YES_ERROR;
				CLANG_WARN_RANGE_LOOP_ANALYSIS = YES;
				CLANG_WARN_STRICT_PROTOTYPES = YES;
				CLANG_WARN_SUSPICIOUS_MOVE = YES;
				CLANG_WARN_UNGUARDED_AVAILABILITY = YES_AGGRESSIVE;
				CLANG_WARN_UNREACHABLE_CODE = YES;
				CLANG_WARN__DUPLICATE_METHOD_MATCH = YES;
				CODE_SIGN_IDENTITY = "iPhone Developer";
				COPY_PHASE_STRIP = NO;
				DEBUG_INFORMATION_FORMAT = dwarf;
				ENABLE_STRICT_OBJC_MSGSEND = YES;
				ENABLE_TESTABILITY = YES;
				GCC_C_LANGUAGE_STANDARD = gnu11;
				GCC_DYNAMIC_NO_PIC = NO;
				GCC_NO_COMMON_BLOCKS = YES;
				GCC_OPTIMIZATION_LEVEL = 0;
				GCC_PREPROCESSOR_DEFINITIONS = (
					"DEBUG=1",
					"$(inherited)",
				);
				GCC_WARN_64_TO_32_BIT_CONVERSION = YES;
				GCC_WARN_ABOUT_RETURN_TYPE = YES_ERROR;
				GCC_WARN_UNDECLARED_SELECTOR = YES;
				GCC_WARN_UNINITIALIZED_AUTOS = YES_AGGRESSIVE;
				GCC_WARN_UNUSED_FUNCTION = YES;
				GCC_WARN_UNUSED_VARIABLE = YES;
				IPHONEOS_DEPLOYMENT_TARGET = 12.1;
				MTL_ENABLE_DEBUG_INFO = INCLUDE_SOURCE;
				MTL_FAST_MATH = YES;
				ONLY_ACTIVE_ARCH = YES;
				SDKROOT = iphoneos;
				SWIFT_ACTIVE_COMPILATION_CONDITIONS = DEBUG;
				SWIFT_OPTIMIZATION_LEVEL = "-Onone";
			};
			name = Debug;
		};
		953DC567229AF22A0039C6BB /* Release */ = {
			isa = XCBuildConfiguration;
			buildSettings = {
				ALWAYS_SEARCH_USER_PATHS = NO;
				CLANG_ANALYZER_NONNULL = YES;
				CLANG_ANALYZER_NUMBER_OBJECT_CONVERSION = YES_AGGRESSIVE;
				CLANG_CXX_LANGUAGE_STANDARD = "gnu++14";
				CLANG_CXX_LIBRARY = "libc++";
				CLANG_ENABLE_MODULES = YES;
				CLANG_ENABLE_OBJC_ARC = YES;
				CLANG_ENABLE_OBJC_WEAK = YES;
				CLANG_WARN_BLOCK_CAPTURE_AUTORELEASING = YES;
				CLANG_WARN_BOOL_CONVERSION = YES;
				CLANG_WARN_COMMA = YES;
				CLANG_WARN_CONSTANT_CONVERSION = YES;
				CLANG_WARN_DEPRECATED_OBJC_IMPLEMENTATIONS = YES;
				CLANG_WARN_DIRECT_OBJC_ISA_USAGE = YES_ERROR;
				CLANG_WARN_DOCUMENTATION_COMMENTS = YES;
				CLANG_WARN_EMPTY_BODY = YES;
				CLANG_WARN_ENUM_CONVERSION = YES;
				CLANG_WARN_INFINITE_RECURSION = YES;
				CLANG_WARN_INT_CONVERSION = YES;
				CLANG_WARN_NON_LITERAL_NULL_CONVERSION = YES;
				CLANG_WARN_OBJC_IMPLICIT_RETAIN_SELF = YES;
				CLANG_WARN_OBJC_LITERAL_CONVERSION = YES;
				CLANG_WARN_OBJC_ROOT_CLASS = YES_ERROR;
				CLANG_WARN_RANGE_LOOP_ANALYSIS = YES;
				CLANG_WARN_STRICT_PROTOTYPES = YES;
				CLANG_WARN_SUSPICIOUS_MOVE = YES;
				CLANG_WARN_UNGUARDED_AVAILABILITY = YES_AGGRESSIVE;
				CLANG_WARN_UNREACHABLE_CODE = YES;
				CLANG_WARN__DUPLICATE_METHOD_MATCH = YES;
				CODE_SIGN_IDENTITY = "iPhone Developer";
				COPY_PHASE_STRIP = NO;
				DEBUG_INFORMATION_FORMAT = "dwarf-with-dsym";
				ENABLE_NS_ASSERTIONS = NO;
				ENABLE_STRICT_OBJC_MSGSEND = YES;
				GCC_C_LANGUAGE_STANDARD = gnu11;
				GCC_NO_COMMON_BLOCKS = YES;
				GCC_WARN_64_TO_32_BIT_CONVERSION = YES;
				GCC_WARN_ABOUT_RETURN_TYPE = YES_ERROR;
				GCC_WARN_UNDECLARED_SELECTOR = YES;
				GCC_WARN_UNINITIALIZED_AUTOS = YES_AGGRESSIVE;
				GCC_WARN_UNUSED_FUNCTION = YES;
				GCC_WARN_UNUSED_VARIABLE = YES;
				IPHONEOS_DEPLOYMENT_TARGET = 12.1;
				MTL_ENABLE_DEBUG_INFO = NO;
				MTL_FAST_MATH = YES;
				SDKROOT = iphoneos;
				SWIFT_COMPILATION_MODE = wholemodule;
				SWIFT_OPTIMIZATION_LEVEL = "-O";
				VALIDATE_PRODUCT = YES;
			};
			name = Release;
		};
		953DC569229AF22A0039C6BB /* Debug */ = {
			isa = XCBuildConfiguration;
			buildSettings = {
				ASSETCATALOG_COMPILER_APPICON_NAME = AppIcon;
				CODE_SIGN_STYLE = Automatic;
				DEVELOPMENT_TEAM = CVZ77GFWU9;
				INFOPLIST_FILE = OnTheMap/Info.plist;
				LD_RUNPATH_SEARCH_PATHS = (
					"$(inherited)",
					"@executable_path/Frameworks",
				);
				PRODUCT_BUNDLE_IDENTIFIER = Udacity.OnTheMap;
				PRODUCT_NAME = "$(TARGET_NAME)";
				SWIFT_VERSION = 4.2;
				TARGETED_DEVICE_FAMILY = "1,2";
			};
			name = Debug;
		};
		953DC56A229AF22A0039C6BB /* Release */ = {
			isa = XCBuildConfiguration;
			buildSettings = {
				ASSETCATALOG_COMPILER_APPICON_NAME = AppIcon;
				CODE_SIGN_STYLE = Automatic;
				DEVELOPMENT_TEAM = CVZ77GFWU9;
				INFOPLIST_FILE = OnTheMap/Info.plist;
				LD_RUNPATH_SEARCH_PATHS = (
					"$(inherited)",
					"@executable_path/Frameworks",
				);
				PRODUCT_BUNDLE_IDENTIFIER = Udacity.OnTheMap;
				PRODUCT_NAME = "$(TARGET_NAME)";
				SWIFT_VERSION = 4.2;
				TARGETED_DEVICE_FAMILY = "1,2";
			};
			name = Release;
		};
/* End XCBuildConfiguration section */

/* Begin XCConfigurationList section */
		953DC551229AF2230039C6BB /* Build configuration list for PBXProject "OnTheMap" */ = {
			isa = XCConfigurationList;
			buildConfigurations = (
				953DC566229AF22A0039C6BB /* Debug */,
				953DC567229AF22A0039C6BB /* Release */,
			);
			defaultConfigurationIsVisible = 0;
			defaultConfigurationName = Release;
		};
		953DC568229AF22A0039C6BB /* Build configuration list for PBXNativeTarget "OnTheMap" */ = {
			isa = XCConfigurationList;
			buildConfigurations = (
				953DC569229AF22A0039C6BB /* Debug */,
				953DC56A229AF22A0039C6BB /* Release */,
			);
			defaultConfigurationIsVisible = 0;
			defaultConfigurationName = Release;
		};
/* End XCConfigurationList section */
	};
	rootObject = 953DC54E229AF2230039C6BB /* Project object */;
}
